// !$*UTF8*$!
{
	archiveVersion = 1;
	classes = {
	};
	objectVersion = 51;
	objects = {

/* Begin PBXBuildFile section */
		11FBB0E80DB786EA08EA678F /* Pods_DriveSimulator_DriveSimulatorUITests.framework in Frameworks */ = {isa = PBXBuildFile; fileRef = FD4F9866B154A1D5DF50F88A /* Pods_DriveSimulator_DriveSimulatorUITests.framework */; };
		2F703DB090FDF1D76443CBE8 /* Pods_DriveSimulatorTests.framework in Frameworks */ = {isa = PBXBuildFile; fileRef = C52CAD1C0A75B5ED456F10B7 /* Pods_DriveSimulatorTests.framework */; };
		345ABB8525D11DF200A37CED /* Button.swift in Sources */ = {isa = PBXBuildFile; fileRef = 345ABB8425D11DF200A37CED /* Button.swift */; };
		345ABB8A25D11DFE00A37CED /* PlaceNameActionModel.swift in Sources */ = {isa = PBXBuildFile; fileRef = 345ABB8925D11DFE00A37CED /* PlaceNameActionModel.swift */; };
		345ABB8F25D11E0700A37CED /* Realm.swift in Sources */ = {isa = PBXBuildFile; fileRef = 345ABB8E25D11E0700A37CED /* Realm.swift */; };
		345ABB9425D11E1100A37CED /* Action.swift in Sources */ = {isa = PBXBuildFile; fileRef = 345ABB9325D11E1100A37CED /* Action.swift */; };
		345ABBBB25D1243000A37CED /* PageViewController.swift in Sources */ = {isa = PBXBuildFile; fileRef = 345ABBBA25D1243000A37CED /* PageViewController.swift */; };
		345ABBC325D1244000A37CED /* HistoryTableViewController.swift in Sources */ = {isa = PBXBuildFile; fileRef = 345ABBC225D1244000A37CED /* HistoryTableViewController.swift */; };
		345ABBC825D1244D00A37CED /* MyLocationViewController.swift in Sources */ = {isa = PBXBuildFile; fileRef = 345ABBC725D1244D00A37CED /* MyLocationViewController.swift */; };
		345ABBCD25D1245900A37CED /* FavoriteTableViewController.swift in Sources */ = {isa = PBXBuildFile; fileRef = 345ABBCC25D1245900A37CED /* FavoriteTableViewController.swift */; };
		345ABBD325D1247C00A37CED /* PageViewDataSource.swift in Sources */ = {isa = PBXBuildFile; fileRef = 345ABBD225D1247C00A37CED /* PageViewDataSource.swift */; };
		34B2EC6B25BF22A9000682B7 /* AppDelegate.swift in Sources */ = {isa = PBXBuildFile; fileRef = 34B2EC6A25BF22A9000682B7 /* AppDelegate.swift */; };
		34B2EC6D25BF22A9000682B7 /* SceneDelegate.swift in Sources */ = {isa = PBXBuildFile; fileRef = 34B2EC6C25BF22A9000682B7 /* SceneDelegate.swift */; };
		34B2EC6F25BF22A9000682B7 /* ViewController.swift in Sources */ = {isa = PBXBuildFile; fileRef = 34B2EC6E25BF22A9000682B7 /* ViewController.swift */; };
		34B2EC7225BF22A9000682B7 /* Main.storyboard in Resources */ = {isa = PBXBuildFile; fileRef = 34B2EC7025BF22A9000682B7 /* Main.storyboard */; };
		34B2EC7425BF22AC000682B7 /* Assets.xcassets in Resources */ = {isa = PBXBuildFile; fileRef = 34B2EC7325BF22AC000682B7 /* Assets.xcassets */; };
		34B2EC7725BF22AC000682B7 /* LaunchScreen.storyboard in Resources */ = {isa = PBXBuildFile; fileRef = 34B2EC7525BF22AC000682B7 /* LaunchScreen.storyboard */; };
		34B2EC8225BF22AD000682B7 /* DriveSimulatorTests.swift in Sources */ = {isa = PBXBuildFile; fileRef = 34B2EC8125BF22AD000682B7 /* DriveSimulatorTests.swift */; };
		34B2EC8D25BF22AD000682B7 /* DriveSimulatorUITests.swift in Sources */ = {isa = PBXBuildFile; fileRef = 34B2EC8C25BF22AD000682B7 /* DriveSimulatorUITests.swift */; };
		34B2ECA725BF2379000682B7 /* APIKey.plist in Resources */ = {isa = PBXBuildFile; fileRef = 34B2ECA625BF2379000682B7 /* APIKey.plist */; };
		34B2ECAC25BF23D3000682B7 /* KeyManager.swift in Sources */ = {isa = PBXBuildFile; fileRef = 34B2ECAB25BF23D3000682B7 /* KeyManager.swift */; };
		34B2ECCC25BF25F3000682B7 /* XibView.swift in Sources */ = {isa = PBXBuildFile; fileRef = 34B2ECCB25BF25F3000682B7 /* XibView.swift */; };
		34B2ECD125BF2687000682B7 /* SearchView.xib in Resources */ = {isa = PBXBuildFile; fileRef = 34B2ECD025BF2687000682B7 /* SearchView.xib */; };
		34B2ECD625BF269E000682B7 /* SearchView.swift in Sources */ = {isa = PBXBuildFile; fileRef = 34B2ECD525BF269E000682B7 /* SearchView.swift */; };
		34B2ECDD25BF26F4000682B7 /* InfoWindowView.swift in Sources */ = {isa = PBXBuildFile; fileRef = 34B2ECDC25BF26F3000682B7 /* InfoWindowView.swift */; };
		34B2ECE225BF26FC000682B7 /* InfoWindowView.xib in Resources */ = {isa = PBXBuildFile; fileRef = 34B2ECE125BF26FC000682B7 /* InfoWindowView.xib */; };
		34B2ECE825BF2722000682B7 /* SetAddressFromMapView.swift in Sources */ = {isa = PBXBuildFile; fileRef = 34B2ECE725BF2722000682B7 /* SetAddressFromMapView.swift */; };
		34B2ECED25BF272F000682B7 /* SetAddressFromMapView.xib in Resources */ = {isa = PBXBuildFile; fileRef = 34B2ECEC25BF272F000682B7 /* SetAddressFromMapView.xib */; };
		34B2ECF425BF27BD000682B7 /* Geometry.swift in Sources */ = {isa = PBXBuildFile; fileRef = 34B2ECF325BF27BD000682B7 /* Geometry.swift */; };
		34B2ECF925BF27C5000682B7 /* PlaceDetails.swift in Sources */ = {isa = PBXBuildFile; fileRef = 34B2ECF825BF27C5000682B7 /* PlaceDetails.swift */; };
		34B2ECFE25BF27D0000682B7 /* GoogleMapAPI.swift in Sources */ = {isa = PBXBuildFile; fileRef = 34B2ECFD25BF27D0000682B7 /* GoogleMapAPI.swift */; };
		34B2ED0325BF27D7000682B7 /* MapSettings.swift in Sources */ = {isa = PBXBuildFile; fileRef = 34B2ED0225BF27D7000682B7 /* MapSettings.swift */; };
		34B2ED0825BF2802000682B7 /* SearchModel.swift in Sources */ = {isa = PBXBuildFile; fileRef = 34B2ED0725BF2801000682B7 /* SearchModel.swift */; };
		34B2ED0D25BF280D000682B7 /* SetAddressFromMapModel.swift in Sources */ = {isa = PBXBuildFile; fileRef = 34B2ED0C25BF280D000682B7 /* SetAddressFromMapModel.swift */; };
		34B2ED1425BF2822000682B7 /* SearchViewController.swift in Sources */ = {isa = PBXBuildFile; fileRef = 34B2ED1225BF2822000682B7 /* SearchViewController.swift */; };
		34B2ED1525BF2822000682B7 /* SetAddressFromMapViewController.swift in Sources */ = {isa = PBXBuildFile; fileRef = 34B2ED1325BF2822000682B7 /* SetAddressFromMapViewController.swift */; };
		34B2ED3725BFF379000682B7 /* SetAddressViewController.swift in Sources */ = {isa = PBXBuildFile; fileRef = 34B2ED3625BFF379000682B7 /* SetAddressViewController.swift */; };
		34B2ED6225C12999000682B7 /* SetAddress.storyboard in Resources */ = {isa = PBXBuildFile; fileRef = 34B2ED6125C12998000682B7 /* SetAddress.storyboard */; };
		34B2ED6725C12BA5000682B7 /* AutoCompleteViewController.swift in Sources */ = {isa = PBXBuildFile; fileRef = 34B2ED6625C12BA5000682B7 /* AutoCompleteViewController.swift */; };
		34B2ED7F25C13BE8000682B7 /* SelectAddressViewController.swift in Sources */ = {isa = PBXBuildFile; fileRef = 34B2ED7E25C13BE8000682B7 /* SelectAddressViewController.swift */; };
		5FF561C793FC9F5F028FB6C4 /* Pods_DriveSimulator.framework in Frameworks */ = {isa = PBXBuildFile; fileRef = 344DC45E12A35E6812A2E247 /* Pods_DriveSimulator.framework */; };
/* End PBXBuildFile section */

/* Begin PBXContainerItemProxy section */
		34B2EC7E25BF22AD000682B7 /* PBXContainerItemProxy */ = {
			isa = PBXContainerItemProxy;
			containerPortal = 34B2EC5F25BF22A9000682B7 /* Project object */;
			proxyType = 1;
			remoteGlobalIDString = 34B2EC6625BF22A9000682B7;
			remoteInfo = DriveSimulator;
		};
		34B2EC8925BF22AD000682B7 /* PBXContainerItemProxy */ = {
			isa = PBXContainerItemProxy;
			containerPortal = 34B2EC5F25BF22A9000682B7 /* Project object */;
			proxyType = 1;
			remoteGlobalIDString = 34B2EC6625BF22A9000682B7;
			remoteInfo = DriveSimulator;
		};
/* End PBXContainerItemProxy section */

/* Begin PBXFileReference section */
		023FB49BFEE05BCED94D67D9 /* Pods-DriveSimulatorTests.release.xcconfig */ = {isa = PBXFileReference; includeInIndex = 1; lastKnownFileType = text.xcconfig; name = "Pods-DriveSimulatorTests.release.xcconfig"; path = "Target Support Files/Pods-DriveSimulatorTests/Pods-DriveSimulatorTests.release.xcconfig"; sourceTree = "<group>"; };
		1F26553BF7C633D1A359C7C2 /* Pods-DriveSimulator-DriveSimulatorUITests.debug.xcconfig */ = {isa = PBXFileReference; includeInIndex = 1; lastKnownFileType = text.xcconfig; name = "Pods-DriveSimulator-DriveSimulatorUITests.debug.xcconfig"; path = "Target Support Files/Pods-DriveSimulator-DriveSimulatorUITests/Pods-DriveSimulator-DriveSimulatorUITests.debug.xcconfig"; sourceTree = "<group>"; };
		344DC45E12A35E6812A2E247 /* Pods_DriveSimulator.framework */ = {isa = PBXFileReference; explicitFileType = wrapper.framework; includeInIndex = 0; path = Pods_DriveSimulator.framework; sourceTree = BUILT_PRODUCTS_DIR; };
		345ABB8425D11DF200A37CED /* Button.swift */ = {isa = PBXFileReference; fileEncoding = 4; lastKnownFileType = sourcecode.swift; name = Button.swift; path = DriveSimulator/Model/Common/Button.swift; sourceTree = SOURCE_ROOT; };
		345ABB8925D11DFE00A37CED /* PlaceNameActionModel.swift */ = {isa = PBXFileReference; fileEncoding = 4; lastKnownFileType = sourcecode.swift; name = PlaceNameActionModel.swift; path = DriveSimulator/Model/Common/PlaceNameActionModel.swift; sourceTree = SOURCE_ROOT; };
		345ABB8E25D11E0700A37CED /* Realm.swift */ = {isa = PBXFileReference; fileEncoding = 4; lastKnownFileType = sourcecode.swift; name = Realm.swift; path = DriveSimulator/Model/Common/Realm.swift; sourceTree = SOURCE_ROOT; };
		345ABB9325D11E1100A37CED /* Action.swift */ = {isa = PBXFileReference; fileEncoding = 4; lastKnownFileType = sourcecode.swift; name = Action.swift; path = DriveSimulator/Model/Common/Action.swift; sourceTree = SOURCE_ROOT; };
		345ABBBA25D1243000A37CED /* PageViewController.swift */ = {isa = PBXFileReference; lastKnownFileType = sourcecode.swift; path = PageViewController.swift; sourceTree = "<group>"; };
		345ABBC225D1244000A37CED /* HistoryTableViewController.swift */ = {isa = PBXFileReference; lastKnownFileType = sourcecode.swift; path = HistoryTableViewController.swift; sourceTree = "<group>"; };
		345ABBC725D1244D00A37CED /* MyLocationViewController.swift */ = {isa = PBXFileReference; lastKnownFileType = sourcecode.swift; path = MyLocationViewController.swift; sourceTree = "<group>"; };
		345ABBCC25D1245900A37CED /* FavoriteTableViewController.swift */ = {isa = PBXFileReference; lastKnownFileType = sourcecode.swift; path = FavoriteTableViewController.swift; sourceTree = "<group>"; };
		345ABBD225D1247C00A37CED /* PageViewDataSource.swift */ = {isa = PBXFileReference; lastKnownFileType = sourcecode.swift; path = PageViewDataSource.swift; sourceTree = "<group>"; };
		34B2EC6725BF22A9000682B7 /* DriveSimulator.app */ = {isa = PBXFileReference; explicitFileType = wrapper.application; includeInIndex = 0; path = DriveSimulator.app; sourceTree = BUILT_PRODUCTS_DIR; };
		34B2EC6A25BF22A9000682B7 /* AppDelegate.swift */ = {isa = PBXFileReference; lastKnownFileType = sourcecode.swift; path = AppDelegate.swift; sourceTree = "<group>"; };
		34B2EC6C25BF22A9000682B7 /* SceneDelegate.swift */ = {isa = PBXFileReference; lastKnownFileType = sourcecode.swift; path = SceneDelegate.swift; sourceTree = "<group>"; };
		34B2EC6E25BF22A9000682B7 /* ViewController.swift */ = {isa = PBXFileReference; lastKnownFileType = sourcecode.swift; path = ViewController.swift; sourceTree = "<group>"; };
		34B2EC7125BF22A9000682B7 /* Base */ = {isa = PBXFileReference; lastKnownFileType = file.storyboard; name = Base; path = Base.lproj/Main.storyboard; sourceTree = "<group>"; };
		34B2EC7325BF22AC000682B7 /* Assets.xcassets */ = {isa = PBXFileReference; lastKnownFileType = folder.assetcatalog; path = Assets.xcassets; sourceTree = "<group>"; };
		34B2EC7625BF22AC000682B7 /* Base */ = {isa = PBXFileReference; lastKnownFileType = file.storyboard; name = Base; path = Base.lproj/LaunchScreen.storyboard; sourceTree = "<group>"; };
		34B2EC7825BF22AC000682B7 /* Info.plist */ = {isa = PBXFileReference; lastKnownFileType = text.plist.xml; path = Info.plist; sourceTree = "<group>"; };
		34B2EC7D25BF22AD000682B7 /* DriveSimulatorTests.xctest */ = {isa = PBXFileReference; explicitFileType = wrapper.cfbundle; includeInIndex = 0; path = DriveSimulatorTests.xctest; sourceTree = BUILT_PRODUCTS_DIR; };
		34B2EC8125BF22AD000682B7 /* DriveSimulatorTests.swift */ = {isa = PBXFileReference; lastKnownFileType = sourcecode.swift; path = DriveSimulatorTests.swift; sourceTree = "<group>"; };
		34B2EC8325BF22AD000682B7 /* Info.plist */ = {isa = PBXFileReference; lastKnownFileType = text.plist.xml; path = Info.plist; sourceTree = "<group>"; };
		34B2EC8825BF22AD000682B7 /* DriveSimulatorUITests.xctest */ = {isa = PBXFileReference; explicitFileType = wrapper.cfbundle; includeInIndex = 0; path = DriveSimulatorUITests.xctest; sourceTree = BUILT_PRODUCTS_DIR; };
		34B2EC8C25BF22AD000682B7 /* DriveSimulatorUITests.swift */ = {isa = PBXFileReference; lastKnownFileType = sourcecode.swift; path = DriveSimulatorUITests.swift; sourceTree = "<group>"; };
		34B2EC8E25BF22AD000682B7 /* Info.plist */ = {isa = PBXFileReference; lastKnownFileType = text.plist.xml; path = Info.plist; sourceTree = "<group>"; };
		34B2ECA625BF2379000682B7 /* APIKey.plist */ = {isa = PBXFileReference; lastKnownFileType = text.plist.xml; path = APIKey.plist; sourceTree = "<group>"; };
		34B2ECAB25BF23D3000682B7 /* KeyManager.swift */ = {isa = PBXFileReference; lastKnownFileType = sourcecode.swift; path = KeyManager.swift; sourceTree = "<group>"; };
		34B2ECCB25BF25F3000682B7 /* XibView.swift */ = {isa = PBXFileReference; lastKnownFileType = sourcecode.swift; path = XibView.swift; sourceTree = "<group>"; };
		34B2ECD025BF2687000682B7 /* SearchView.xib */ = {isa = PBXFileReference; fileEncoding = 4; lastKnownFileType = file.xib; path = SearchView.xib; sourceTree = "<group>"; };
		34B2ECD525BF269E000682B7 /* SearchView.swift */ = {isa = PBXFileReference; fileEncoding = 4; lastKnownFileType = sourcecode.swift; path = SearchView.swift; sourceTree = "<group>"; };
		34B2ECDC25BF26F3000682B7 /* InfoWindowView.swift */ = {isa = PBXFileReference; fileEncoding = 4; lastKnownFileType = sourcecode.swift; path = InfoWindowView.swift; sourceTree = "<group>"; };
		34B2ECE125BF26FC000682B7 /* InfoWindowView.xib */ = {isa = PBXFileReference; fileEncoding = 4; lastKnownFileType = file.xib; path = InfoWindowView.xib; sourceTree = "<group>"; };
		34B2ECE725BF2722000682B7 /* SetAddressFromMapView.swift */ = {isa = PBXFileReference; fileEncoding = 4; lastKnownFileType = sourcecode.swift; path = SetAddressFromMapView.swift; sourceTree = "<group>"; };
		34B2ECEC25BF272F000682B7 /* SetAddressFromMapView.xib */ = {isa = PBXFileReference; fileEncoding = 4; lastKnownFileType = file.xib; path = SetAddressFromMapView.xib; sourceTree = "<group>"; };
		34B2ECF325BF27BD000682B7 /* Geometry.swift */ = {isa = PBXFileReference; fileEncoding = 4; lastKnownFileType = sourcecode.swift; path = Geometry.swift; sourceTree = "<group>"; };
		34B2ECF825BF27C5000682B7 /* PlaceDetails.swift */ = {isa = PBXFileReference; fileEncoding = 4; lastKnownFileType = sourcecode.swift; path = PlaceDetails.swift; sourceTree = "<group>"; };
		34B2ECFD25BF27D0000682B7 /* GoogleMapAPI.swift */ = {isa = PBXFileReference; fileEncoding = 4; lastKnownFileType = sourcecode.swift; path = GoogleMapAPI.swift; sourceTree = "<group>"; };
		34B2ED0225BF27D7000682B7 /* MapSettings.swift */ = {isa = PBXFileReference; fileEncoding = 4; lastKnownFileType = sourcecode.swift; path = MapSettings.swift; sourceTree = "<group>"; };
		34B2ED0725BF2801000682B7 /* SearchModel.swift */ = {isa = PBXFileReference; fileEncoding = 4; lastKnownFileType = sourcecode.swift; name = SearchModel.swift; path = SearchModel/SearchModel.swift; sourceTree = "<group>"; };
		34B2ED0C25BF280D000682B7 /* SetAddressFromMapModel.swift */ = {isa = PBXFileReference; fileEncoding = 4; lastKnownFileType = sourcecode.swift; name = SetAddressFromMapModel.swift; path = SetAddressFromMapModel/SetAddressFromMapModel.swift; sourceTree = "<group>"; };
		34B2ED1225BF2822000682B7 /* SearchViewController.swift */ = {isa = PBXFileReference; fileEncoding = 4; lastKnownFileType = sourcecode.swift; path = SearchViewController.swift; sourceTree = "<group>"; };
		34B2ED1325BF2822000682B7 /* SetAddressFromMapViewController.swift */ = {isa = PBXFileReference; fileEncoding = 4; lastKnownFileType = sourcecode.swift; path = SetAddressFromMapViewController.swift; sourceTree = "<group>"; };
		34B2ED3625BFF379000682B7 /* SetAddressViewController.swift */ = {isa = PBXFileReference; lastKnownFileType = sourcecode.swift; path = SetAddressViewController.swift; sourceTree = "<group>"; };
		34B2ED6125C12998000682B7 /* SetAddress.storyboard */ = {isa = PBXFileReference; lastKnownFileType = file.storyboard; path = SetAddress.storyboard; sourceTree = "<group>"; };
		34B2ED6625C12BA5000682B7 /* AutoCompleteViewController.swift */ = {isa = PBXFileReference; lastKnownFileType = sourcecode.swift; path = AutoCompleteViewController.swift; sourceTree = "<group>"; };
		34B2ED7E25C13BE8000682B7 /* SelectAddressViewController.swift */ = {isa = PBXFileReference; lastKnownFileType = sourcecode.swift; path = SelectAddressViewController.swift; sourceTree = "<group>"; };
		4732EE64C95089936172317E /* Pods-DriveSimulator.debug.xcconfig */ = {isa = PBXFileReference; includeInIndex = 1; lastKnownFileType = text.xcconfig; name = "Pods-DriveSimulator.debug.xcconfig"; path = "Target Support Files/Pods-DriveSimulator/Pods-DriveSimulator.debug.xcconfig"; sourceTree = "<group>"; };
		4A508FC46917B5F5B6DDA310 /* Pods-DriveSimulator-DriveSimulatorUITests.release.xcconfig */ = {isa = PBXFileReference; includeInIndex = 1; lastKnownFileType = text.xcconfig; name = "Pods-DriveSimulator-DriveSimulatorUITests.release.xcconfig"; path = "Target Support Files/Pods-DriveSimulator-DriveSimulatorUITests/Pods-DriveSimulator-DriveSimulatorUITests.release.xcconfig"; sourceTree = "<group>"; };
		9C35E1566CB15015481E7E48 /* Pods-DriveSimulator.release.xcconfig */ = {isa = PBXFileReference; includeInIndex = 1; lastKnownFileType = text.xcconfig; name = "Pods-DriveSimulator.release.xcconfig"; path = "Target Support Files/Pods-DriveSimulator/Pods-DriveSimulator.release.xcconfig"; sourceTree = "<group>"; };
		9E600819B42A18AFF18F6F11 /* Pods-DriveSimulatorTests.debug.xcconfig */ = {isa = PBXFileReference; includeInIndex = 1; lastKnownFileType = text.xcconfig; name = "Pods-DriveSimulatorTests.debug.xcconfig"; path = "Target Support Files/Pods-DriveSimulatorTests/Pods-DriveSimulatorTests.debug.xcconfig"; sourceTree = "<group>"; };
		C52CAD1C0A75B5ED456F10B7 /* Pods_DriveSimulatorTests.framework */ = {isa = PBXFileReference; explicitFileType = wrapper.framework; includeInIndex = 0; path = Pods_DriveSimulatorTests.framework; sourceTree = BUILT_PRODUCTS_DIR; };
		FD4F9866B154A1D5DF50F88A /* Pods_DriveSimulator_DriveSimulatorUITests.framework */ = {isa = PBXFileReference; explicitFileType = wrapper.framework; includeInIndex = 0; path = Pods_DriveSimulator_DriveSimulatorUITests.framework; sourceTree = BUILT_PRODUCTS_DIR; };
/* End PBXFileReference section */

/* Begin PBXFrameworksBuildPhase section */
		34B2EC6425BF22A9000682B7 /* Frameworks */ = {
			isa = PBXFrameworksBuildPhase;
			buildActionMask = 2147483647;
			files = (
				5FF561C793FC9F5F028FB6C4 /* Pods_DriveSimulator.framework in Frameworks */,
			);
			runOnlyForDeploymentPostprocessing = 0;
		};
		34B2EC7A25BF22AD000682B7 /* Frameworks */ = {
			isa = PBXFrameworksBuildPhase;
			buildActionMask = 2147483647;
			files = (
				2F703DB090FDF1D76443CBE8 /* Pods_DriveSimulatorTests.framework in Frameworks */,
			);
			runOnlyForDeploymentPostprocessing = 0;
		};
		34B2EC8525BF22AD000682B7 /* Frameworks */ = {
			isa = PBXFrameworksBuildPhase;
			buildActionMask = 2147483647;
			files = (
				11FBB0E80DB786EA08EA678F /* Pods_DriveSimulator_DriveSimulatorUITests.framework in Frameworks */,
			);
			runOnlyForDeploymentPostprocessing = 0;
		};
/* End PBXFrameworksBuildPhase section */

/* Begin PBXGroup section */
		10244A7E27B58456F62B2D69 /* Frameworks */ = {
			isa = PBXGroup;
			children = (
				344DC45E12A35E6812A2E247 /* Pods_DriveSimulator.framework */,
				FD4F9866B154A1D5DF50F88A /* Pods_DriveSimulator_DriveSimulatorUITests.framework */,
				C52CAD1C0A75B5ED456F10B7 /* Pods_DriveSimulatorTests.framework */,
			);
			name = Frameworks;
			sourceTree = "<group>";
		};
		345ABBB925D1241600A37CED /* PageViewController */ = {
			isa = PBXGroup;
			children = (
				345ABBBA25D1243000A37CED /* PageViewController.swift */,
				345ABBC225D1244000A37CED /* HistoryTableViewController.swift */,
				345ABBC725D1244D00A37CED /* MyLocationViewController.swift */,
				345ABBCC25D1245900A37CED /* FavoriteTableViewController.swift */,
			);
			path = PageViewController;
			sourceTree = "<group>";
		};
		345ABBD125D1246600A37CED /* PageViewModel */ = {
			isa = PBXGroup;
			children = (
				345ABBD225D1247C00A37CED /* PageViewDataSource.swift */,
			);
			path = PageViewModel;
			sourceTree = "<group>";
		};
		34B2EC5E25BF22A9000682B7 = {
			isa = PBXGroup;
			children = (
				34B2EC6925BF22A9000682B7 /* DriveSimulator */,
				34B2EC8025BF22AD000682B7 /* DriveSimulatorTests */,
				34B2EC8B25BF22AD000682B7 /* DriveSimulatorUITests */,
				34B2EC6825BF22A9000682B7 /* Products */,
				B18FA1A265DA1F70384A65FA /* Pods */,
				10244A7E27B58456F62B2D69 /* Frameworks */,
			);
			sourceTree = "<group>";
		};
		34B2EC6825BF22A9000682B7 /* Products */ = {
			isa = PBXGroup;
			children = (
				34B2EC6725BF22A9000682B7 /* DriveSimulator.app */,
				34B2EC7D25BF22AD000682B7 /* DriveSimulatorTests.xctest */,
				34B2EC8825BF22AD000682B7 /* DriveSimulatorUITests.xctest */,
			);
			name = Products;
			sourceTree = "<group>";
		};
		34B2EC6925BF22A9000682B7 /* DriveSimulator */ = {
			isa = PBXGroup;
			children = (
				34B2ECB225BF2448000682B7 /* Model */,
				34B2ECB125BF2442000682B7 /* Controller */,
				34B2ECB025BF2436000682B7 /* View */,
				34B2EC6A25BF22A9000682B7 /* AppDelegate.swift */,
				34B2EC6C25BF22A9000682B7 /* SceneDelegate.swift */,
				34B2EC6E25BF22A9000682B7 /* ViewController.swift */,
				34B2EC7525BF22AC000682B7 /* LaunchScreen.storyboard */,
				34B2EC7825BF22AC000682B7 /* Info.plist */,
				34B2ECA625BF2379000682B7 /* APIKey.plist */,
				34B2ECAB25BF23D3000682B7 /* KeyManager.swift */,
			);
			path = DriveSimulator;
			sourceTree = "<group>";
		};
		34B2EC8025BF22AD000682B7 /* DriveSimulatorTests */ = {
			isa = PBXGroup;
			children = (
				34B2EC8125BF22AD000682B7 /* DriveSimulatorTests.swift */,
				34B2EC8325BF22AD000682B7 /* Info.plist */,
			);
			path = DriveSimulatorTests;
			sourceTree = "<group>";
		};
		34B2EC8B25BF22AD000682B7 /* DriveSimulatorUITests */ = {
			isa = PBXGroup;
			children = (
				34B2EC8C25BF22AD000682B7 /* DriveSimulatorUITests.swift */,
				34B2EC8E25BF22AD000682B7 /* Info.plist */,
			);
			path = DriveSimulatorUITests;
			sourceTree = "<group>";
		};
		34B2ECB025BF2436000682B7 /* View */ = {
			isa = PBXGroup;
			children = (
				34B2EC7025BF22A9000682B7 /* Main.storyboard */,
				34B2EC7325BF22AC000682B7 /* Assets.xcassets */,
				34B2ECCB25BF25F3000682B7 /* XibView.swift */,
				34B2ECDA25BF26A6000682B7 /* SearchView */,
				34B2ECDB25BF26B6000682B7 /* SetAddressFromMapView */,
				34B2ECE625BF270E000682B7 /* SetAddressView */,
			);
			path = View;
			sourceTree = "<group>";
		};
		34B2ECB125BF2442000682B7 /* Controller */ = {
			isa = PBXGroup;
			children = (
				34B2ED1125BF2822000682B7 /* SearchViewController */,
				34B2ED8C25C1DAA9000682B7 /* SetAddressViewController */,
			);
			path = Controller;
			sourceTree = "<group>";
		};
		34B2ECB225BF2448000682B7 /* Model */ = {
			isa = PBXGroup;
			children = (
				345ABBD125D1246600A37CED /* PageViewModel */,
				34B2ED0725BF2801000682B7 /* SearchModel.swift */,
				34B2ED0C25BF280D000682B7 /* SetAddressFromMapModel.swift */,
				34B2ECF125BF279D000682B7 /* Common */,
			);
			path = Model;
			sourceTree = "<group>";
		};
		34B2ECDA25BF26A6000682B7 /* SearchView */ = {
			isa = PBXGroup;
			children = (
				34B2ECD525BF269E000682B7 /* SearchView.swift */,
				34B2ECD025BF2687000682B7 /* SearchView.xib */,
			);
			path = SearchView;
			sourceTree = "<group>";
		};
		34B2ECDB25BF26B6000682B7 /* SetAddressFromMapView */ = {
			isa = PBXGroup;
			children = (
				34B2ECE725BF2722000682B7 /* SetAddressFromMapView.swift */,
				34B2ECEC25BF272F000682B7 /* SetAddressFromMapView.xib */,
				34B2ECDC25BF26F3000682B7 /* InfoWindowView.swift */,
				34B2ECE125BF26FC000682B7 /* InfoWindowView.xib */,
			);
			path = SetAddressFromMapView;
			sourceTree = "<group>";
		};
		34B2ECE625BF270E000682B7 /* SetAddressView */ = {
			isa = PBXGroup;
			children = (
				34B2ED6125C12998000682B7 /* SetAddress.storyboard */,
			);
			path = SetAddressView;
			sourceTree = "<group>";
		};
		34B2ECF125BF279D000682B7 /* Common */ = {
			isa = PBXGroup;
			children = (
				34B2ECFD25BF27D0000682B7 /* GoogleMapAPI.swift */,
				34B2ED0225BF27D7000682B7 /* MapSettings.swift */,
				345ABB8425D11DF200A37CED /* Button.swift */,
				345ABB8925D11DFE00A37CED /* PlaceNameActionModel.swift */,
				345ABB8E25D11E0700A37CED /* Realm.swift */,
				345ABB9325D11E1100A37CED /* Action.swift */,
				34B2ECF225BF27A9000682B7 /* JsonExport */,
			);
			path = Common;
			sourceTree = "<group>";
		};
		34B2ECF225BF27A9000682B7 /* JsonExport */ = {
			isa = PBXGroup;
			children = (
				34B2ECF325BF27BD000682B7 /* Geometry.swift */,
				34B2ECF825BF27C5000682B7 /* PlaceDetails.swift */,
			);
			path = JsonExport;
			sourceTree = "<group>";
		};
		34B2ED1125BF2822000682B7 /* SearchViewController */ = {
			isa = PBXGroup;
			children = (
				34B2ED1225BF2822000682B7 /* SearchViewController.swift */,
				34B2ED1325BF2822000682B7 /* SetAddressFromMapViewController.swift */,
			);
			path = SearchViewController;
			sourceTree = "<group>";
		};
		34B2ED8C25C1DAA9000682B7 /* SetAddressViewController */ = {
			isa = PBXGroup;
			children = (
				34B2ED3625BFF379000682B7 /* SetAddressViewController.swift */,
				34B2ED7E25C13BE8000682B7 /* SelectAddressViewController.swift */,
				34B2ED6625C12BA5000682B7 /* AutoCompleteViewController.swift */,
				345ABBB925D1241600A37CED /* PageViewController */,
			);
			path = SetAddressViewController;
			sourceTree = "<group>";
		};
		B18FA1A265DA1F70384A65FA /* Pods */ = {
			isa = PBXGroup;
			children = (
				4732EE64C95089936172317E /* Pods-DriveSimulator.debug.xcconfig */,
				9C35E1566CB15015481E7E48 /* Pods-DriveSimulator.release.xcconfig */,
				1F26553BF7C633D1A359C7C2 /* Pods-DriveSimulator-DriveSimulatorUITests.debug.xcconfig */,
				4A508FC46917B5F5B6DDA310 /* Pods-DriveSimulator-DriveSimulatorUITests.release.xcconfig */,
				9E600819B42A18AFF18F6F11 /* Pods-DriveSimulatorTests.debug.xcconfig */,
				023FB49BFEE05BCED94D67D9 /* Pods-DriveSimulatorTests.release.xcconfig */,
			);
			path = Pods;
			sourceTree = "<group>";
		};
/* End PBXGroup section */

/* Begin PBXNativeTarget section */
		34B2EC6625BF22A9000682B7 /* DriveSimulator */ = {
			isa = PBXNativeTarget;
			buildConfigurationList = 34B2EC9125BF22AD000682B7 /* Build configuration list for PBXNativeTarget "DriveSimulator" */;
			buildPhases = (
				FCB06DCC9918466AD276EFEE /* [CP] Check Pods Manifest.lock */,
				34B2EC6325BF22A9000682B7 /* Sources */,
				34B2EC6425BF22A9000682B7 /* Frameworks */,
				34B2EC6525BF22A9000682B7 /* Resources */,
				F034A0DF8D0F0BC79E52675E /* [CP] Embed Pods Frameworks */,
				06C54B8EDE5771061866FD89 /* [CP] Copy Pods Resources */,
			);
			buildRules = (
			);
			dependencies = (
			);
			name = DriveSimulator;
			productName = DriveSimulator;
			productReference = 34B2EC6725BF22A9000682B7 /* DriveSimulator.app */;
			productType = "com.apple.product-type.application";
		};
		34B2EC7C25BF22AD000682B7 /* DriveSimulatorTests */ = {
			isa = PBXNativeTarget;
			buildConfigurationList = 34B2EC9425BF22AD000682B7 /* Build configuration list for PBXNativeTarget "DriveSimulatorTests" */;
			buildPhases = (
				98F6EB1C69C77998DAC63997 /* [CP] Check Pods Manifest.lock */,
				34B2EC7925BF22AD000682B7 /* Sources */,
				34B2EC7A25BF22AD000682B7 /* Frameworks */,
				34B2EC7B25BF22AD000682B7 /* Resources */,
			);
			buildRules = (
			);
			dependencies = (
				34B2EC7F25BF22AD000682B7 /* PBXTargetDependency */,
			);
			name = DriveSimulatorTests;
			productName = DriveSimulatorTests;
			productReference = 34B2EC7D25BF22AD000682B7 /* DriveSimulatorTests.xctest */;
			productType = "com.apple.product-type.bundle.unit-test";
		};
		34B2EC8725BF22AD000682B7 /* DriveSimulatorUITests */ = {
			isa = PBXNativeTarget;
			buildConfigurationList = 34B2EC9725BF22AD000682B7 /* Build configuration list for PBXNativeTarget "DriveSimulatorUITests" */;
			buildPhases = (
				58AF9956D7DB7C9BCFB099AA /* [CP] Check Pods Manifest.lock */,
				34B2EC8425BF22AD000682B7 /* Sources */,
				34B2EC8525BF22AD000682B7 /* Frameworks */,
				34B2EC8625BF22AD000682B7 /* Resources */,
				EC1B6736AB76AA141BFE9B78 /* [CP] Embed Pods Frameworks */,
				48A553134B2CA2607498B312 /* [CP] Copy Pods Resources */,
			);
			buildRules = (
			);
			dependencies = (
				34B2EC8A25BF22AD000682B7 /* PBXTargetDependency */,
			);
			name = DriveSimulatorUITests;
			productName = DriveSimulatorUITests;
			productReference = 34B2EC8825BF22AD000682B7 /* DriveSimulatorUITests.xctest */;
			productType = "com.apple.product-type.bundle.ui-testing";
		};
/* End PBXNativeTarget section */

/* Begin PBXProject section */
		34B2EC5F25BF22A9000682B7 /* Project object */ = {
			isa = PBXProject;
			attributes = {
				LastSwiftUpdateCheck = 1230;
				LastUpgradeCheck = 1230;
				TargetAttributes = {
					34B2EC6625BF22A9000682B7 = {
						CreatedOnToolsVersion = 12.3;
					};
					34B2EC7C25BF22AD000682B7 = {
						CreatedOnToolsVersion = 12.3;
						TestTargetID = 34B2EC6625BF22A9000682B7;
					};
					34B2EC8725BF22AD000682B7 = {
						CreatedOnToolsVersion = 12.3;
						TestTargetID = 34B2EC6625BF22A9000682B7;
					};
				};
			};
			buildConfigurationList = 34B2EC6225BF22A9000682B7 /* Build configuration list for PBXProject "DriveSimulator" */;
			compatibilityVersion = "Xcode 9.3";
			developmentRegion = en;
			hasScannedForEncodings = 0;
			knownRegions = (
				en,
				Base,
			);
			mainGroup = 34B2EC5E25BF22A9000682B7;
			productRefGroup = 34B2EC6825BF22A9000682B7 /* Products */;
			projectDirPath = "";
			projectRoot = "";
			targets = (
				34B2EC6625BF22A9000682B7 /* DriveSimulator */,
				34B2EC7C25BF22AD000682B7 /* DriveSimulatorTests */,
				34B2EC8725BF22AD000682B7 /* DriveSimulatorUITests */,
			);
		};
/* End PBXProject section */

/* Begin PBXResourcesBuildPhase section */
		34B2EC6525BF22A9000682B7 /* Resources */ = {
			isa = PBXResourcesBuildPhase;
			buildActionMask = 2147483647;
			files = (
				34B2EC7725BF22AC000682B7 /* LaunchScreen.storyboard in Resources */,
				34B2ED6225C12999000682B7 /* SetAddress.storyboard in Resources */,
				34B2ECED25BF272F000682B7 /* SetAddressFromMapView.xib in Resources */,
				34B2ECD125BF2687000682B7 /* SearchView.xib in Resources */,
				34B2ECA725BF2379000682B7 /* APIKey.plist in Resources */,
				34B2EC7425BF22AC000682B7 /* Assets.xcassets in Resources */,
				34B2ECE225BF26FC000682B7 /* InfoWindowView.xib in Resources */,
				34B2EC7225BF22A9000682B7 /* Main.storyboard in Resources */,
			);
			runOnlyForDeploymentPostprocessing = 0;
		};
		34B2EC7B25BF22AD000682B7 /* Resources */ = {
			isa = PBXResourcesBuildPhase;
			buildActionMask = 2147483647;
			files = (
			);
			runOnlyForDeploymentPostprocessing = 0;
		};
		34B2EC8625BF22AD000682B7 /* Resources */ = {
			isa = PBXResourcesBuildPhase;
			buildActionMask = 2147483647;
			files = (
			);
			runOnlyForDeploymentPostprocessing = 0;
		};
/* End PBXResourcesBuildPhase section */

/* Begin PBXShellScriptBuildPhase section */
		06C54B8EDE5771061866FD89 /* [CP] Copy Pods Resources */ = {
			isa = PBXShellScriptBuildPhase;
			buildActionMask = 2147483647;
			files = (
			);
			inputFileListPaths = (
				"${PODS_ROOT}/Target Support Files/Pods-DriveSimulator/Pods-DriveSimulator-resources-${CONFIGURATION}-input-files.xcfilelist",
			);
			name = "[CP] Copy Pods Resources";
			outputFileListPaths = (
				"${PODS_ROOT}/Target Support Files/Pods-DriveSimulator/Pods-DriveSimulator-resources-${CONFIGURATION}-output-files.xcfilelist",
			);
			runOnlyForDeploymentPostprocessing = 0;
			shellPath = /bin/sh;
			shellScript = "\"${PODS_ROOT}/Target Support Files/Pods-DriveSimulator/Pods-DriveSimulator-resources.sh\"\n";
			showEnvVarsInLog = 0;
		};
		48A553134B2CA2607498B312 /* [CP] Copy Pods Resources */ = {
			isa = PBXShellScriptBuildPhase;
			buildActionMask = 2147483647;
			files = (
			);
			inputFileListPaths = (
				"${PODS_ROOT}/Target Support Files/Pods-DriveSimulator-DriveSimulatorUITests/Pods-DriveSimulator-DriveSimulatorUITests-resources-${CONFIGURATION}-input-files.xcfilelist",
			);
			name = "[CP] Copy Pods Resources";
			outputFileListPaths = (
				"${PODS_ROOT}/Target Support Files/Pods-DriveSimulator-DriveSimulatorUITests/Pods-DriveSimulator-DriveSimulatorUITests-resources-${CONFIGURATION}-output-files.xcfilelist",
			);
			runOnlyForDeploymentPostprocessing = 0;
			shellPath = /bin/sh;
			shellScript = "\"${PODS_ROOT}/Target Support Files/Pods-DriveSimulator-DriveSimulatorUITests/Pods-DriveSimulator-DriveSimulatorUITests-resources.sh\"\n";
			showEnvVarsInLog = 0;
		};
		58AF9956D7DB7C9BCFB099AA /* [CP] Check Pods Manifest.lock */ = {
			isa = PBXShellScriptBuildPhase;
			buildActionMask = 2147483647;
			files = (
			);
			inputFileListPaths = (
			);
			inputPaths = (
				"${PODS_PODFILE_DIR_PATH}/Podfile.lock",
				"${PODS_ROOT}/Manifest.lock",
			);
			name = "[CP] Check Pods Manifest.lock";
			outputFileListPaths = (
			);
			outputPaths = (
				"$(DERIVED_FILE_DIR)/Pods-DriveSimulator-DriveSimulatorUITests-checkManifestLockResult.txt",
			);
			runOnlyForDeploymentPostprocessing = 0;
			shellPath = /bin/sh;
			shellScript = "diff \"${PODS_PODFILE_DIR_PATH}/Podfile.lock\" \"${PODS_ROOT}/Manifest.lock\" > /dev/null\nif [ $? != 0 ] ; then\n    # print error to STDERR\n    echo \"error: The sandbox is not in sync with the Podfile.lock. Run 'pod install' or update your CocoaPods installation.\" >&2\n    exit 1\nfi\n# This output is used by Xcode 'outputs' to avoid re-running this script phase.\necho \"SUCCESS\" > \"${SCRIPT_OUTPUT_FILE_0}\"\n";
			showEnvVarsInLog = 0;
		};
		98F6EB1C69C77998DAC63997 /* [CP] Check Pods Manifest.lock */ = {
			isa = PBXShellScriptBuildPhase;
			buildActionMask = 2147483647;
			files = (
			);
			inputFileListPaths = (
			);
			inputPaths = (
				"${PODS_PODFILE_DIR_PATH}/Podfile.lock",
				"${PODS_ROOT}/Manifest.lock",
			);
			name = "[CP] Check Pods Manifest.lock";
			outputFileListPaths = (
			);
			outputPaths = (
				"$(DERIVED_FILE_DIR)/Pods-DriveSimulatorTests-checkManifestLockResult.txt",
			);
			runOnlyForDeploymentPostprocessing = 0;
			shellPath = /bin/sh;
			shellScript = "diff \"${PODS_PODFILE_DIR_PATH}/Podfile.lock\" \"${PODS_ROOT}/Manifest.lock\" > /dev/null\nif [ $? != 0 ] ; then\n    # print error to STDERR\n    echo \"error: The sandbox is not in sync with the Podfile.lock. Run 'pod install' or update your CocoaPods installation.\" >&2\n    exit 1\nfi\n# This output is used by Xcode 'outputs' to avoid re-running this script phase.\necho \"SUCCESS\" > \"${SCRIPT_OUTPUT_FILE_0}\"\n";
			showEnvVarsInLog = 0;
		};
		EC1B6736AB76AA141BFE9B78 /* [CP] Embed Pods Frameworks */ = {
			isa = PBXShellScriptBuildPhase;
			buildActionMask = 2147483647;
			files = (
			);
			inputFileListPaths = (
				"${PODS_ROOT}/Target Support Files/Pods-DriveSimulator-DriveSimulatorUITests/Pods-DriveSimulator-DriveSimulatorUITests-frameworks-${CONFIGURATION}-input-files.xcfilelist",
			);
			name = "[CP] Embed Pods Frameworks";
			outputFileListPaths = (
				"${PODS_ROOT}/Target Support Files/Pods-DriveSimulator-DriveSimulatorUITests/Pods-DriveSimulator-DriveSimulatorUITests-frameworks-${CONFIGURATION}-output-files.xcfilelist",
			);
			runOnlyForDeploymentPostprocessing = 0;
			shellPath = /bin/sh;
			shellScript = "\"${PODS_ROOT}/Target Support Files/Pods-DriveSimulator-DriveSimulatorUITests/Pods-DriveSimulator-DriveSimulatorUITests-frameworks.sh\"\n";
			showEnvVarsInLog = 0;
		};
		F034A0DF8D0F0BC79E52675E /* [CP] Embed Pods Frameworks */ = {
			isa = PBXShellScriptBuildPhase;
			buildActionMask = 2147483647;
			files = (
			);
			inputFileListPaths = (
				"${PODS_ROOT}/Target Support Files/Pods-DriveSimulator/Pods-DriveSimulator-frameworks-${CONFIGURATION}-input-files.xcfilelist",
			);
			name = "[CP] Embed Pods Frameworks";
			outputFileListPaths = (
				"${PODS_ROOT}/Target Support Files/Pods-DriveSimulator/Pods-DriveSimulator-frameworks-${CONFIGURATION}-output-files.xcfilelist",
			);
			runOnlyForDeploymentPostprocessing = 0;
			shellPath = /bin/sh;
			shellScript = "\"${PODS_ROOT}/Target Support Files/Pods-DriveSimulator/Pods-DriveSimulator-frameworks.sh\"\n";
			showEnvVarsInLog = 0;
		};
		FCB06DCC9918466AD276EFEE /* [CP] Check Pods Manifest.lock */ = {
			isa = PBXShellScriptBuildPhase;
			buildActionMask = 2147483647;
			files = (
			);
			inputFileListPaths = (
			);
			inputPaths = (
				"${PODS_PODFILE_DIR_PATH}/Podfile.lock",
				"${PODS_ROOT}/Manifest.lock",
			);
			name = "[CP] Check Pods Manifest.lock";
			outputFileListPaths = (
			);
			outputPaths = (
				"$(DERIVED_FILE_DIR)/Pods-DriveSimulator-checkManifestLockResult.txt",
			);
			runOnlyForDeploymentPostprocessing = 0;
			shellPath = /bin/sh;
			shellScript = "diff \"${PODS_PODFILE_DIR_PATH}/Podfile.lock\" \"${PODS_ROOT}/Manifest.lock\" > /dev/null\nif [ $? != 0 ] ; then\n    # print error to STDERR\n    echo \"error: The sandbox is not in sync with the Podfile.lock. Run 'pod install' or update your CocoaPods installation.\" >&2\n    exit 1\nfi\n# This output is used by Xcode 'outputs' to avoid re-running this script phase.\necho \"SUCCESS\" > \"${SCRIPT_OUTPUT_FILE_0}\"\n";
			showEnvVarsInLog = 0;
		};
/* End PBXShellScriptBuildPhase section */

/* Begin PBXSourcesBuildPhase section */
		34B2EC6325BF22A9000682B7 /* Sources */ = {
			isa = PBXSourcesBuildPhase;
			buildActionMask = 2147483647;
			files = (
				34B2ED1425BF2822000682B7 /* SearchViewController.swift in Sources */,
				34B2ED0825BF2802000682B7 /* SearchModel.swift in Sources */,
				34B2ECF925BF27C5000682B7 /* PlaceDetails.swift in Sources */,
				34B2ED7F25C13BE8000682B7 /* SelectAddressViewController.swift in Sources */,
				34B2ED1525BF2822000682B7 /* SetAddressFromMapViewController.swift in Sources */,
				34B2EC6F25BF22A9000682B7 /* ViewController.swift in Sources */,
				34B2EC6B25BF22A9000682B7 /* AppDelegate.swift in Sources */,
				345ABB8525D11DF200A37CED /* Button.swift in Sources */,
				34B2ED0325BF27D7000682B7 /* MapSettings.swift in Sources */,
				34B2ED3725BFF379000682B7 /* SetAddressViewController.swift in Sources */,
				34B2EC6D25BF22A9000682B7 /* SceneDelegate.swift in Sources */,
				345ABBBB25D1243000A37CED /* PageViewController.swift in Sources */,
				345ABBC325D1244000A37CED /* HistoryTableViewController.swift in Sources */,
				345ABBCD25D1245900A37CED /* FavoriteTableViewController.swift in Sources */,
				34B2ECCC25BF25F3000682B7 /* XibView.swift in Sources */,
				34B2ECDD25BF26F4000682B7 /* InfoWindowView.swift in Sources */,
				345ABB9425D11E1100A37CED /* Action.swift in Sources */,
				345ABBC825D1244D00A37CED /* MyLocationViewController.swift in Sources */,
				34B2ECE825BF2722000682B7 /* SetAddressFromMapView.swift in Sources */,
				34B2ECD625BF269E000682B7 /* SearchView.swift in Sources */,
				34B2ED0D25BF280D000682B7 /* SetAddressFromMapModel.swift in Sources */,
				34B2ECFE25BF27D0000682B7 /* GoogleMapAPI.swift in Sources */,
				34B2ECF425BF27BD000682B7 /* Geometry.swift in Sources */,
				34B2ECAC25BF23D3000682B7 /* KeyManager.swift in Sources */,
				345ABB8A25D11DFE00A37CED /* PlaceNameActionModel.swift in Sources */,
				345ABBD325D1247C00A37CED /* PageViewDataSource.swift in Sources */,
				34B2ED6725C12BA5000682B7 /* AutoCompleteViewController.swift in Sources */,
				345ABB8F25D11E0700A37CED /* Realm.swift in Sources */,
			);
			runOnlyForDeploymentPostprocessing = 0;
		};
		34B2EC7925BF22AD000682B7 /* Sources */ = {
			isa = PBXSourcesBuildPhase;
			buildActionMask = 2147483647;
			files = (
				34B2EC8225BF22AD000682B7 /* DriveSimulatorTests.swift in Sources */,
			);
			runOnlyForDeploymentPostprocessing = 0;
		};
		34B2EC8425BF22AD000682B7 /* Sources */ = {
			isa = PBXSourcesBuildPhase;
			buildActionMask = 2147483647;
			files = (
				34B2EC8D25BF22AD000682B7 /* DriveSimulatorUITests.swift in Sources */,
			);
			runOnlyForDeploymentPostprocessing = 0;
		};
/* End PBXSourcesBuildPhase section */

/* Begin PBXTargetDependency section */
		34B2EC7F25BF22AD000682B7 /* PBXTargetDependency */ = {
			isa = PBXTargetDependency;
			target = 34B2EC6625BF22A9000682B7 /* DriveSimulator */;
			targetProxy = 34B2EC7E25BF22AD000682B7 /* PBXContainerItemProxy */;
		};
		34B2EC8A25BF22AD000682B7 /* PBXTargetDependency */ = {
			isa = PBXTargetDependency;
			target = 34B2EC6625BF22A9000682B7 /* DriveSimulator */;
			targetProxy = 34B2EC8925BF22AD000682B7 /* PBXContainerItemProxy */;
		};
/* End PBXTargetDependency section */

/* Begin PBXVariantGroup section */
		34B2EC7025BF22A9000682B7 /* Main.storyboard */ = {
			isa = PBXVariantGroup;
			children = (
				34B2EC7125BF22A9000682B7 /* Base */,
			);
			name = Main.storyboard;
			sourceTree = "<group>";
		};
		34B2EC7525BF22AC000682B7 /* LaunchScreen.storyboard */ = {
			isa = PBXVariantGroup;
			children = (
				34B2EC7625BF22AC000682B7 /* Base */,
			);
			name = LaunchScreen.storyboard;
			sourceTree = "<group>";
		};
/* End PBXVariantGroup section */

/* Begin XCBuildConfiguration section */
		34B2EC8F25BF22AD000682B7 /* Debug */ = {
			isa = XCBuildConfiguration;
			buildSettings = {
				ALWAYS_SEARCH_USER_PATHS = NO;
				CLANG_ANALYZER_NONNULL = YES;
				CLANG_ANALYZER_NUMBER_OBJECT_CONVERSION = YES_AGGRESSIVE;
				CLANG_CXX_LANGUAGE_STANDARD = "gnu++14";
				CLANG_CXX_LIBRARY = "libc++";
				CLANG_ENABLE_MODULES = YES;
				CLANG_ENABLE_OBJC_ARC = YES;
				CLANG_ENABLE_OBJC_WEAK = YES;
				CLANG_WARN_BLOCK_CAPTURE_AUTORELEASING = YES;
				CLANG_WARN_BOOL_CONVERSION = YES;
				CLANG_WARN_COMMA = YES;
				CLANG_WARN_CONSTANT_CONVERSION = YES;
				CLANG_WARN_DEPRECATED_OBJC_IMPLEMENTATIONS = YES;
				CLANG_WARN_DIRECT_OBJC_ISA_USAGE = YES_ERROR;
				CLANG_WARN_DOCUMENTATION_COMMENTS = YES;
				CLANG_WARN_EMPTY_BODY = YES;
				CLANG_WARN_ENUM_CONVERSION = YES;
				CLANG_WARN_INFINITE_RECURSION = YES;
				CLANG_WARN_INT_CONVERSION = YES;
				CLANG_WARN_NON_LITERAL_NULL_CONVERSION = YES;
				CLANG_WARN_OBJC_IMPLICIT_RETAIN_SELF = YES;
				CLANG_WARN_OBJC_LITERAL_CONVERSION = YES;
				CLANG_WARN_OBJC_ROOT_CLASS = YES_ERROR;
				CLANG_WARN_QUOTED_INCLUDE_IN_FRAMEWORK_HEADER = YES;
				CLANG_WARN_RANGE_LOOP_ANALYSIS = YES;
				CLANG_WARN_STRICT_PROTOTYPES = YES;
				CLANG_WARN_SUSPICIOUS_MOVE = YES;
				CLANG_WARN_UNGUARDED_AVAILABILITY = YES_AGGRESSIVE;
				CLANG_WARN_UNREACHABLE_CODE = YES;
				CLANG_WARN__DUPLICATE_METHOD_MATCH = YES;
				COPY_PHASE_STRIP = NO;
				DEBUG_INFORMATION_FORMAT = dwarf;
				ENABLE_STRICT_OBJC_MSGSEND = YES;
				ENABLE_TESTABILITY = YES;
				GCC_C_LANGUAGE_STANDARD = gnu11;
				GCC_DYNAMIC_NO_PIC = NO;
				GCC_NO_COMMON_BLOCKS = YES;
				GCC_OPTIMIZATION_LEVEL = 0;
				GCC_PREPROCESSOR_DEFINITIONS = (
					"DEBUG=1",
					"$(inherited)",
				);
				GCC_WARN_64_TO_32_BIT_CONVERSION = YES;
				GCC_WARN_ABOUT_RETURN_TYPE = YES_ERROR;
				GCC_WARN_UNDECLARED_SELECTOR = YES;
				GCC_WARN_UNINITIALIZED_AUTOS = YES_AGGRESSIVE;
				GCC_WARN_UNUSED_FUNCTION = YES;
				GCC_WARN_UNUSED_VARIABLE = YES;
				IPHONEOS_DEPLOYMENT_TARGET = 14.3;
				MTL_ENABLE_DEBUG_INFO = INCLUDE_SOURCE;
				MTL_FAST_MATH = YES;
				ONLY_ACTIVE_ARCH = YES;
				SDKROOT = iphoneos;
				SWIFT_ACTIVE_COMPILATION_CONDITIONS = DEBUG;
				SWIFT_OPTIMIZATION_LEVEL = "-Onone";
			};
			name = Debug;
		};
		34B2EC9025BF22AD000682B7 /* Release */ = {
			isa = XCBuildConfiguration;
			buildSettings = {
				ALWAYS_SEARCH_USER_PATHS = NO;
				CLANG_ANALYZER_NONNULL = YES;
				CLANG_ANALYZER_NUMBER_OBJECT_CONVERSION = YES_AGGRESSIVE;
				CLANG_CXX_LANGUAGE_STANDARD = "gnu++14";
				CLANG_CXX_LIBRARY = "libc++";
				CLANG_ENABLE_MODULES = YES;
				CLANG_ENABLE_OBJC_ARC = YES;
				CLANG_ENABLE_OBJC_WEAK = YES;
				CLANG_WARN_BLOCK_CAPTURE_AUTORELEASING = YES;
				CLANG_WARN_BOOL_CONVERSION = YES;
				CLANG_WARN_COMMA = YES;
				CLANG_WARN_CONSTANT_CONVERSION = YES;
				CLANG_WARN_DEPRECATED_OBJC_IMPLEMENTATIONS = YES;
				CLANG_WARN_DIRECT_OBJC_ISA_USAGE = YES_ERROR;
				CLANG_WARN_DOCUMENTATION_COMMENTS = YES;
				CLANG_WARN_EMPTY_BODY = YES;
				CLANG_WARN_ENUM_CONVERSION = YES;
				CLANG_WARN_INFINITE_RECURSION = YES;
				CLANG_WARN_INT_CONVERSION = YES;
				CLANG_WARN_NON_LITERAL_NULL_CONVERSION = YES;
				CLANG_WARN_OBJC_IMPLICIT_RETAIN_SELF = YES;
				CLANG_WARN_OBJC_LITERAL_CONVERSION = YES;
				CLANG_WARN_OBJC_ROOT_CLASS = YES_ERROR;
				CLANG_WARN_QUOTED_INCLUDE_IN_FRAMEWORK_HEADER = YES;
				CLANG_WARN_RANGE_LOOP_ANALYSIS = YES;
				CLANG_WARN_STRICT_PROTOTYPES = YES;
				CLANG_WARN_SUSPICIOUS_MOVE = YES;
				CLANG_WARN_UNGUARDED_AVAILABILITY = YES_AGGRESSIVE;
				CLANG_WARN_UNREACHABLE_CODE = YES;
				CLANG_WARN__DUPLICATE_METHOD_MATCH = YES;
				COPY_PHASE_STRIP = NO;
				DEBUG_INFORMATION_FORMAT = "dwarf-with-dsym";
				ENABLE_NS_ASSERTIONS = NO;
				ENABLE_STRICT_OBJC_MSGSEND = YES;
				GCC_C_LANGUAGE_STANDARD = gnu11;
				GCC_NO_COMMON_BLOCKS = YES;
				GCC_WARN_64_TO_32_BIT_CONVERSION = YES;
				GCC_WARN_ABOUT_RETURN_TYPE = YES_ERROR;
				GCC_WARN_UNDECLARED_SELECTOR = YES;
				GCC_WARN_UNINITIALIZED_AUTOS = YES_AGGRESSIVE;
				GCC_WARN_UNUSED_FUNCTION = YES;
				GCC_WARN_UNUSED_VARIABLE = YES;
				IPHONEOS_DEPLOYMENT_TARGET = 14.3;
				MTL_ENABLE_DEBUG_INFO = NO;
				MTL_FAST_MATH = YES;
				SDKROOT = iphoneos;
				SWIFT_COMPILATION_MODE = wholemodule;
				SWIFT_OPTIMIZATION_LEVEL = "-O";
				VALIDATE_PRODUCT = YES;
			};
			name = Release;
		};
		34B2EC9225BF22AD000682B7 /* Debug */ = {
			isa = XCBuildConfiguration;
			baseConfigurationReference = 4732EE64C95089936172317E /* Pods-DriveSimulator.debug.xcconfig */;
			buildSettings = {
				ASSETCATALOG_COMPILER_APPICON_NAME = AppIcon;
				ASSETCATALOG_COMPILER_GLOBAL_ACCENT_COLOR_NAME = AccentColor;
				CODE_SIGN_STYLE = Automatic;
				INFOPLIST_FILE = DriveSimulator/Info.plist;
				LD_RUNPATH_SEARCH_PATHS = (
					"$(inherited)",
					"@executable_path/Frameworks",
				);
				PRODUCT_BUNDLE_IDENTIFIER = com.erikoenuma.DriveSimulator;
				PRODUCT_NAME = "$(TARGET_NAME)";
				SWIFT_VERSION = 5.0;
				TARGETED_DEVICE_FAMILY = "1,2";
			};
			name = Debug;
		};
		34B2EC9325BF22AD000682B7 /* Release */ = {
			isa = XCBuildConfiguration;
			baseConfigurationReference = 9C35E1566CB15015481E7E48 /* Pods-DriveSimulator.release.xcconfig */;
			buildSettings = {
				ASSETCATALOG_COMPILER_APPICON_NAME = AppIcon;
				ASSETCATALOG_COMPILER_GLOBAL_ACCENT_COLOR_NAME = AccentColor;
				CODE_SIGN_STYLE = Automatic;
				INFOPLIST_FILE = DriveSimulator/Info.plist;
				LD_RUNPATH_SEARCH_PATHS = (
					"$(inherited)",
					"@executable_path/Frameworks",
				);
				PRODUCT_BUNDLE_IDENTIFIER = com.erikoenuma.DriveSimulator;
				PRODUCT_NAME = "$(TARGET_NAME)";
				SWIFT_VERSION = 5.0;
				TARGETED_DEVICE_FAMILY = "1,2";
			};
			name = Release;
		};
		34B2EC9525BF22AD000682B7 /* Debug */ = {
			isa = XCBuildConfiguration;
			baseConfigurationReference = 9E600819B42A18AFF18F6F11 /* Pods-DriveSimulatorTests.debug.xcconfig */;
			buildSettings = {
				ALWAYS_EMBED_SWIFT_STANDARD_LIBRARIES = YES;
				BUNDLE_LOADER = "$(TEST_HOST)";
				CODE_SIGN_STYLE = Automatic;
				INFOPLIST_FILE = DriveSimulatorTests/Info.plist;
				IPHONEOS_DEPLOYMENT_TARGET = 14.3;
				LD_RUNPATH_SEARCH_PATHS = (
					"$(inherited)",
					"@executable_path/Frameworks",
					"@loader_path/Frameworks",
				);
				PRODUCT_BUNDLE_IDENTIFIER = com.erikoenuma.DriveSimulatorTests;
				PRODUCT_NAME = "$(TARGET_NAME)";
				SWIFT_VERSION = 5.0;
				TARGETED_DEVICE_FAMILY = "1,2";
				TEST_HOST = "$(BUILT_PRODUCTS_DIR)/DriveSimulator.app/DriveSimulator";
			};
			name = Debug;
		};
		34B2EC9625BF22AD000682B7 /* Release */ = {
			isa = XCBuildConfiguration;
			baseConfigurationReference = 023FB49BFEE05BCED94D67D9 /* Pods-DriveSimulatorTests.release.xcconfig */;
			buildSettings = {
				ALWAYS_EMBED_SWIFT_STANDARD_LIBRARIES = YES;
				BUNDLE_LOADER = "$(TEST_HOST)";
				CODE_SIGN_STYLE = Automatic;
				INFOPLIST_FILE = DriveSimulatorTests/Info.plist;
				IPHONEOS_DEPLOYMENT_TARGET = 14.3;
				LD_RUNPATH_SEARCH_PATHS = (
					"$(inherited)",
					"@executable_path/Frameworks",
					"@loader_path/Frameworks",
				);
				PRODUCT_BUNDLE_IDENTIFIER = com.erikoenuma.DriveSimulatorTests;
				PRODUCT_NAME = "$(TARGET_NAME)";
				SWIFT_VERSION = 5.0;
				TARGETED_DEVICE_FAMILY = "1,2";
				TEST_HOST = "$(BUILT_PRODUCTS_DIR)/DriveSimulator.app/DriveSimulator";
			};
			name = Release;
		};
		34B2EC9825BF22AD000682B7 /* Debug */ = {
			isa = XCBuildConfiguration;
			baseConfigurationReference = 1F26553BF7C633D1A359C7C2 /* Pods-DriveSimulator-DriveSimulatorUITests.debug.xcconfig */;
			buildSettings = {
				ALWAYS_EMBED_SWIFT_STANDARD_LIBRARIES = YES;
				CODE_SIGN_STYLE = Automatic;
				INFOPLIST_FILE = DriveSimulatorUITests/Info.plist;
				LD_RUNPATH_SEARCH_PATHS = (
					"$(inherited)",
					"@executable_path/Frameworks",
					"@loader_path/Frameworks",
				);
				PRODUCT_BUNDLE_IDENTIFIER = com.erikoenuma.DriveSimulatorUITests;
				PRODUCT_NAME = "$(TARGET_NAME)";
				SWIFT_VERSION = 5.0;
				TARGETED_DEVICE_FAMILY = "1,2";
				TEST_TARGET_NAME = DriveSimulator;
			};
			name = Debug;
		};
		34B2EC9925BF22AD000682B7 /* Release */ = {
			isa = XCBuildConfiguration;
			baseConfigurationReference = 4A508FC46917B5F5B6DDA310 /* Pods-DriveSimulator-DriveSimulatorUITests.release.xcconfig */;
			buildSettings = {
				ALWAYS_EMBED_SWIFT_STANDARD_LIBRARIES = YES;
				CODE_SIGN_STYLE = Automatic;
				INFOPLIST_FILE = DriveSimulatorUITests/Info.plist;
				LD_RUNPATH_SEARCH_PATHS = (
					"$(inherited)",
					"@executable_path/Frameworks",
					"@loader_path/Frameworks",
				);
				PRODUCT_BUNDLE_IDENTIFIER = com.erikoenuma.DriveSimulatorUITests;
				PRODUCT_NAME = "$(TARGET_NAME)";
				SWIFT_VERSION = 5.0;
				TARGETED_DEVICE_FAMILY = "1,2";
				TEST_TARGET_NAME = DriveSimulator;
			};
			name = Release;
		};
/* End XCBuildConfiguration section */

/* Begin XCConfigurationList section */
		34B2EC6225BF22A9000682B7 /* Build configuration list for PBXProject "DriveSimulator" */ = {
			isa = XCConfigurationList;
			buildConfigurations = (
				34B2EC8F25BF22AD000682B7 /* Debug */,
				34B2EC9025BF22AD000682B7 /* Release */,
			);
			defaultConfigurationIsVisible = 0;
			defaultConfigurationName = Release;
		};
		34B2EC9125BF22AD000682B7 /* Build configuration list for PBXNativeTarget "DriveSimulator" */ = {
			isa = XCConfigurationList;
			buildConfigurations = (
				34B2EC9225BF22AD000682B7 /* Debug */,
				34B2EC9325BF22AD000682B7 /* Release */,
			);
			defaultConfigurationIsVisible = 0;
			defaultConfigurationName = Release;
		};
		34B2EC9425BF22AD000682B7 /* Build configuration list for PBXNativeTarget "DriveSimulatorTests" */ = {
			isa = XCConfigurationList;
			buildConfigurations = (
				34B2EC9525BF22AD000682B7 /* Debug */,
				34B2EC9625BF22AD000682B7 /* Release */,
			);
			defaultConfigurationIsVisible = 0;
			defaultConfigurationName = Release;
		};
		34B2EC9725BF22AD000682B7 /* Build configuration list for PBXNativeTarget "DriveSimulatorUITests" */ = {
			isa = XCConfigurationList;
			buildConfigurations = (
				34B2EC9825BF22AD000682B7 /* Debug */,
				34B2EC9925BF22AD000682B7 /* Release */,
			);
			defaultConfigurationIsVisible = 0;
			defaultConfigurationName = Release;
		};
/* End XCConfigurationList section */
	};
	rootObject = 34B2EC5F25BF22A9000682B7 /* Project object */;
}
